
Microsoft Visual Studio Solution File, Format Version 12.00
# Visual Studio Version 17
VisualStudioVersion = 17.8.34309.116
MinimumVisualStudioVersion = 10.0.40219.1
Project("{FAE04EC0-301F-11D3-BF4B-00C04F79EFBC}") = "ClassLibrary3", "ClassLibrary3\ClassLibrary3.csproj", "{903C4A60-BB05-4756-9475-7136501A64B0}"
EndProject
Project("{FAE04EC0-301F-11D3-BF4B-00C04F79EFBC}") = "MoqDemo", "MoqDemo\MoqDemo.csproj", "{A95D6541-825F-4769-B3A4-298B9A09F5F5}"
EndProject
Global
	GlobalSection(SolutionConfigurationPlatforms) = preSolution
		Debug|Any CPU = Debug|Any CPU
		Release|Any CPU = Release|Any CPU
	EndGlobalSection
	GlobalSection(ProjectConfigurationPlatforms) = postSolution
		{903C4A60-BB05-4756-9475-7136501A64B0}.Debug|Any CPU.ActiveCfg = Debug|Any CPU
		{903C4A60-BB05-4756-9475-7136501A64B0}.Debug|Any CPU.Build.0 = Debug|Any CPU
		{903C4A60-BB05-4756-9475-7136501A64B0}.Release|Any CPU.ActiveCfg = Release|Any CPU
		{903C4A60-BB05-4756-9475-7136501A64B0}.Release|Any CPU.Build.0 = Release|Any CPU
		{A95D6541-825F-4769-B3A4-298B9A09F5F5}.Debug|Any CPU.ActiveCfg = Debug|Any CPU
		{A95D6541-825F-4769-B3A4-298B9A09F5F5}.Debug|Any CPU.Build.0 = Debug|Any CPU
		{A95D6541-825F-4769-B3A4-298B9A09F5F5}.Release|Any CPU.ActiveCfg = Release|Any CPU
		{A95D6541-825F-4769-B3A4-298B9A09F5F5}.Release|Any CPU.Build.0 = Release|Any CPU
	EndGlobalSection
	GlobalSection(SolutionProperties) = preSolution
		HideSolutionNode = FALSE
	EndGlobalSection
	GlobalSection(ExtensibilityGlobals) = postSolution
		SolutionGuid = {F481AE60-4AB9-4BBC-AF42-4AED034693AE}
	EndGlobalSection
EndGlobal
